
Microsoft Visual Studio Solution File, Format Version 12.00
# Visual Studio Version 17
VisualStudioVersion = 17.8.34525.116
MinimumVisualStudioVersion = 10.0.40219.1
Project("{FAE04EC0-301F-11D3-BF4B-00C04F79EFBC}") = "VeterinariaGC", "VeterinariaGC\VeterinariaGC.csproj", "{726FDAF8-DDC4-488C-AE24-6730AD9F8FD7}"
EndProject
Global
	GlobalSection(SolutionConfigurationPlatforms) = preSolution
		Debug|Any CPU = Debug|Any CPU
		Release|Any CPU = Release|Any CPU
	EndGlobalSection
	GlobalSection(ProjectConfigurationPlatforms) = postSolution
		{726FDAF8-DDC4-488C-AE24-6730AD9F8FD7}.Debug|Any CPU.ActiveCfg = Debug|Any CPU
		{726FDAF8-DDC4-488C-AE24-6730AD9F8FD7}.Debug|Any CPU.Build.0 = Debug|Any CPU
		{726FDAF8-DDC4-488C-AE24-6730AD9F8FD7}.Release|Any CPU.ActiveCfg = Release|Any CPU
		{726FDAF8-DDC4-488C-AE24-6730AD9F8FD7}.Release|Any CPU.Build.0 = Release|Any CPU
	EndGlobalSection
	GlobalSection(SolutionProperties) = preSolution
		HideSolutionNode = FALSE
	EndGlobalSection
	GlobalSection(ExtensibilityGlobals) = postSolution
		SolutionGuid = {CF6ED72E-B090-4A0F-B2B7-EB0DA63556DA}
	EndGlobalSection
EndGlobal
